
Microsoft Visual Studio Solution File, Format Version 12.00
# Visual Studio Version 17
VisualStudioVersion = 17.6.33723.286
MinimumVisualStudioVersion = 10.0.40219.1
Project("{FAE04EC0-301F-11D3-BF4B-00C04F79EFBC}") = "HomeWork3_1", "HomeWork3_1\HomeWork3_1.csproj", "{A5CF2B63-5CC4-42DE-85C5-9FBDF46F20D0}"
EndProject
Global
	GlobalSection(SolutionConfigurationPlatforms) = preSolution
		Debug|Any CPU = Debug|Any CPU
		Release|Any CPU = Release|Any CPU
	EndGlobalSection
	GlobalSection(ProjectConfigurationPlatforms) = postSolution
		{A5CF2B63-5CC4-42DE-85C5-9FBDF46F20D0}.Debug|Any CPU.ActiveCfg = Debug|Any CPU
		{A5CF2B63-5CC4-42DE-85C5-9FBDF46F20D0}.Debug|Any CPU.Build.0 = Debug|Any CPU
		{A5CF2B63-5CC4-42DE-85C5-9FBDF46F20D0}.Release|Any CPU.ActiveCfg = Release|Any CPU
		{A5CF2B63-5CC4-42DE-85C5-9FBDF46F20D0}.Release|Any CPU.Build.0 = Release|Any CPU
	EndGlobalSection
	GlobalSection(SolutionProperties) = preSolution
		HideSolutionNode = FALSE
	EndGlobalSection
	GlobalSection(ExtensibilityGlobals) = postSolution
		SolutionGuid = {AA7BF84A-FB5D-4F9D-871C-5F557D23752F}
	EndGlobalSection
EndGlobal
