
Microsoft Visual Studio Solution File, Format Version 12.00
# Visual Studio Version 17
VisualStudioVersion = 17.6.33723.286
MinimumVisualStudioVersion = 10.0.40219.1
Project("{FAE04EC0-301F-11D3-BF4B-00C04F79EFBC}") = "HomeWork3_4", "HomeWork3_4\HomeWork3_4.csproj", "{767C80BC-D17F-4786-B7D9-EBD926E72EA8}"
EndProject
Global
	GlobalSection(SolutionConfigurationPlatforms) = preSolution
		Debug|Any CPU = Debug|Any CPU
		Release|Any CPU = Release|Any CPU
	EndGlobalSection
	GlobalSection(ProjectConfigurationPlatforms) = postSolution
		{767C80BC-D17F-4786-B7D9-EBD926E72EA8}.Debug|Any CPU.ActiveCfg = Debug|Any CPU
		{767C80BC-D17F-4786-B7D9-EBD926E72EA8}.Debug|Any CPU.Build.0 = Debug|Any CPU
		{767C80BC-D17F-4786-B7D9-EBD926E72EA8}.Release|Any CPU.ActiveCfg = Release|Any CPU
		{767C80BC-D17F-4786-B7D9-EBD926E72EA8}.Release|Any CPU.Build.0 = Release|Any CPU
	EndGlobalSection
	GlobalSection(SolutionProperties) = preSolution
		HideSolutionNode = FALSE
	EndGlobalSection
	GlobalSection(ExtensibilityGlobals) = postSolution
		SolutionGuid = {EC55ECDA-DA76-4397-9F16-A65650A2FE75}
	EndGlobalSection
EndGlobal
